
Microsoft Visual Studio Solution File, Format Version 12.00
# Visual Studio Version 16
VisualStudioVersion = 16.0.30621.155
MinimumVisualStudioVersion = 10.0.40219.1
Project("{FAE04EC0-301F-11D3-BF4B-00C04F79EFBC}") = "Rem.FlexiBeeSDK.Model", "src\Rem.FlexiBeeSDK.Model\Rem.FlexiBeeSDK.Model.csproj", "{EAFDABC3-4638-4063-981B-BDB6F2267C58}"
EndProject
Project("{9A19103F-16F7-4668-BE54-9A1E7A4F7556}") = "Rem.FlexiBeeSDK.Client", "src\Rem.FlexiBeeSDK.Client\Rem.FlexiBeeSDK.Client.csproj", "{61EFB8F7-1770-4854-9FA2-6736CA3EFB8F}"
EndProject
Project("{FAE04EC0-301F-11D3-BF4B-00C04F79EFBC}") = "Rem.FlexiBeeSDK.Tests", "test\Rem.FlexiBeeSDK.Tests\Rem.FlexiBeeSDK.Tests.csproj", "{0DB20CF9-9C3A-464D-B35A-C48B24D6E61B}"
EndProject
Global
	GlobalSection(SolutionConfigurationPlatforms) = preSolution
		Debug|Any CPU = Debug|Any CPU
		Release|Any CPU = Release|Any CPU
	EndGlobalSection
	GlobalSection(ProjectConfigurationPlatforms) = postSolution
		{EAFDABC3-4638-4063-981B-BDB6F2267C58}.Debug|Any CPU.ActiveCfg = Debug|Any CPU
		{EAFDABC3-4638-4063-981B-BDB6F2267C58}.Debug|Any CPU.Build.0 = Debug|Any CPU
		{EAFDABC3-4638-4063-981B-BDB6F2267C58}.Release|Any CPU.ActiveCfg = Release|Any CPU
		{EAFDABC3-4638-4063-981B-BDB6F2267C58}.Release|Any CPU.Build.0 = Release|Any CPU
		{61EFB8F7-1770-4854-9FA2-6736CA3EFB8F}.Debug|Any CPU.ActiveCfg = Debug|Any CPU
		{61EFB8F7-1770-4854-9FA2-6736CA3EFB8F}.Debug|Any CPU.Build.0 = Debug|Any CPU
		{61EFB8F7-1770-4854-9FA2-6736CA3EFB8F}.Release|Any CPU.ActiveCfg = Release|Any CPU
		{61EFB8F7-1770-4854-9FA2-6736CA3EFB8F}.Release|Any CPU.Build.0 = Release|Any CPU
		{0DB20CF9-9C3A-464D-B35A-C48B24D6E61B}.Debug|Any CPU.ActiveCfg = Debug|Any CPU
		{0DB20CF9-9C3A-464D-B35A-C48B24D6E61B}.Debug|Any CPU.Build.0 = Debug|Any CPU
		{0DB20CF9-9C3A-464D-B35A-C48B24D6E61B}.Release|Any CPU.ActiveCfg = Release|Any CPU
		{0DB20CF9-9C3A-464D-B35A-C48B24D6E61B}.Release|Any CPU.Build.0 = Release|Any CPU
	EndGlobalSection
	GlobalSection(SolutionProperties) = preSolution
		HideSolutionNode = FALSE
	EndGlobalSection
	GlobalSection(ExtensibilityGlobals) = postSolution
		SolutionGuid = {905E39BE-7A08-4D71-B5C2-D69E6AE5711D}
	EndGlobalSection
EndGlobal
